
Microsoft Visual Studio Solution File, Format Version 12.00
Project("{FAE04EC0-301F-11D3-BF4B-00C04F79EFBC}") = "FallChallenge2022", "FallChallenge2022.csproj", "{E11372F9-7F9F-4DF9-B47C-81870673858E}"
EndProject
Project("{FAE04EC0-301F-11D3-BF4B-00C04F79EFBC}") = "FallChallengeTest", "..\FallChallengeTest\FallChallengeTest.csproj", "{A794A1BD-8C97-4912-B6D9-496E8B886468}"
EndProject
Global
	GlobalSection(SolutionConfigurationPlatforms) = preSolution
		Debug|Any CPU = Debug|Any CPU
		Release|Any CPU = Release|Any CPU
	EndGlobalSection
	GlobalSection(ProjectConfigurationPlatforms) = postSolution
		{E11372F9-7F9F-4DF9-B47C-81870673858E}.Debug|Any CPU.ActiveCfg = Debug|Any CPU
		{E11372F9-7F9F-4DF9-B47C-81870673858E}.Debug|Any CPU.Build.0 = Debug|Any CPU
		{E11372F9-7F9F-4DF9-B47C-81870673858E}.Release|Any CPU.ActiveCfg = Release|Any CPU
		{E11372F9-7F9F-4DF9-B47C-81870673858E}.Release|Any CPU.Build.0 = Release|Any CPU
		{A794A1BD-8C97-4912-B6D9-496E8B886468}.Debug|Any CPU.ActiveCfg = Debug|Any CPU
		{A794A1BD-8C97-4912-B6D9-496E8B886468}.Debug|Any CPU.Build.0 = Debug|Any CPU
		{A794A1BD-8C97-4912-B6D9-496E8B886468}.Release|Any CPU.ActiveCfg = Release|Any CPU
		{A794A1BD-8C97-4912-B6D9-496E8B886468}.Release|Any CPU.Build.0 = Release|Any CPU
	EndGlobalSection
EndGlobal
